// !$*UTF8*$!
{
	archiveVersion = 1;
	classes = {
	};
	objectVersion = 48;
	objects = {

/* Begin PBXBuildFile section */
		148E3CC920375F4000BF4FD8 /* AppDelegate.swift in Sources */ = {isa = PBXBuildFile; fileRef = 148E3CC820375F4000BF4FD8 /* AppDelegate.swift */; };
		148E3CCB20375F4000BF4FD8 /* ViewController.swift in Sources */ = {isa = PBXBuildFile; fileRef = 148E3CCA20375F4000BF4FD8 /* ViewController.swift */; };
		148E3CCE20375F4000BF4FD8 /* Main.storyboard in Resources */ = {isa = PBXBuildFile; fileRef = 148E3CCC20375F4000BF4FD8 /* Main.storyboard */; };
		148E3CD320375F4000BF4FD8 /* LaunchScreen.storyboard in Resources */ = {isa = PBXBuildFile; fileRef = 148E3CD120375F4000BF4FD8 /* LaunchScreen.storyboard */; };
		148E3CDE20375F4000BF4FD8 /* MyProjectTests.swift in Sources */ = {isa = PBXBuildFile; fileRef = 148E3CDD20375F4000BF4FD8 /* MyProjectTests.swift */; };
		148E3CE920375F4000BF4FD8 /* MyProjectUITests.swift in Sources */ = {isa = PBXBuildFile; fileRef = 148E3CE820375F4000BF4FD8 /* MyProjectUITests.swift */; };
		148E3CF82037611A00BF4FD8 /* Assets.xcassets in Resources */ = {isa = PBXBuildFile; fileRef = 148E3CF72037611A00BF4FD8 /* Assets.xcassets */; };
/* End PBXBuildFile section */

/* Begin PBXContainerItemProxy section */
		148E3CDA20375F4000BF4FD8 /* PBXContainerItemProxy */ = {
			isa = PBXContainerItemProxy;
			containerPortal = 148E3CBD20375F4000BF4FD8 /* Project object */;
			proxyType = 1;
			remoteGlobalIDString = 148E3CC420375F4000BF4FD8;
			remoteInfo = MyProject;
		};
		148E3CE520375F4000BF4FD8 /* PBXContainerItemProxy */ = {
			isa = PBXContainerItemProxy;
			containerPortal = 148E3CBD20375F4000BF4FD8 /* Project object */;
			proxyType = 1;
			remoteGlobalIDString = 148E3CC420375F4000BF4FD8;
			remoteInfo = MyProject;
		};
/* End PBXContainerItemProxy section */

/* Begin PBXFileReference section */
		148E3CC520375F4000BF4FD8 /* MyProject.app */ = {isa = PBXFileReference; explicitFileType = wrapper.application; includeInIndex = 0; path = MyProject.app; sourceTree = BUILT_PRODUCTS_DIR; };
		148E3CC820375F4000BF4FD8 /* AppDelegate.swift */ = {isa = PBXFileReference; lastKnownFileType = sourcecode.swift; path = AppDelegate.swift; sourceTree = "<group>"; };
		148E3CCA20375F4000BF4FD8 /* ViewController.swift */ = {isa = PBXFileReference; lastKnownFileType = sourcecode.swift; path = ViewController.swift; sourceTree = "<group>"; };
		148E3CCD20375F4000BF4FD8 /* Base */ = {isa = PBXFileReference; lastKnownFileType = file.storyboard; name = Base; path = Base.lproj/Main.storyboard; sourceTree = "<group>"; };
		148E3CD220375F4000BF4FD8 /* Base */ = {isa = PBXFileReference; lastKnownFileType = file.storyboard; name = Base; path = Base.lproj/LaunchScreen.storyboard; sourceTree = "<group>"; };
		148E3CD420375F4000BF4FD8 /* Info.plist */ = {isa = PBXFileReference; lastKnownFileType = text.plist.xml; path = Info.plist; sourceTree = "<group>"; };
		148E3CD920375F4000BF4FD8 /* MyProjectTests.xctest */ = {isa = PBXFileReference; explicitFileType = wrapper.cfbundle; includeInIndex = 0; path = MyProjectTests.xctest; sourceTree = BUILT_PRODUCTS_DIR; };
		148E3CDD20375F4000BF4FD8 /* MyProjectTests.swift */ = {isa = PBXFileReference; lastKnownFileType = sourcecode.swift; path = MyProjectTests.swift; sourceTree = "<group>"; };
		148E3CDF20375F4000BF4FD8 /* Info.plist */ = {isa = PBXFileReference; lastKnownFileType = text.plist.xml; path = Info.plist; sourceTree = "<group>"; };
		148E3CE420375F4000BF4FD8 /* MyProjectUITests.xctest */ = {isa = PBXFileReference; explicitFileType = wrapper.cfbundle; includeInIndex = 0; path = MyProjectUITests.xctest; sourceTree = BUILT_PRODUCTS_DIR; };
		148E3CE820375F4000BF4FD8 /* MyProjectUITests.swift */ = {isa = PBXFileReference; lastKnownFileType = sourcecode.swift; path = MyProjectUITests.swift; sourceTree = "<group>"; };
		148E3CEA20375F4000BF4FD8 /* Info.plist */ = {isa = PBXFileReference; lastKnownFileType = text.plist.xml; path = Info.plist; sourceTree = "<group>"; };
		148E3CF72037611A00BF4FD8 /* Assets.xcassets */ = {isa = PBXFileReference; lastKnownFileType = folder.assetcatalog; path = Assets.xcassets; sourceTree = "<group>"; };
/* End PBXFileReference section */

/* Begin PBXFrameworksBuildPhase section */
		148E3CC220375F4000BF4FD8 /* Frameworks */ = {
			isa = PBXFrameworksBuildPhase;
			buildActionMask = 2147483647;
			files = (
			);
			runOnlyForDeploymentPostprocessing = 0;
		};
		148E3CD620375F4000BF4FD8 /* Frameworks */ = {
			isa = PBXFrameworksBuildPhase;
			buildActionMask = 2147483647;
			files = (
			);
			runOnlyForDeploymentPostprocessing = 0;
		};
		148E3CE120375F4000BF4FD8 /* Frameworks */ = {
			isa = PBXFrameworksBuildPhase;
			buildActionMask = 2147483647;
			files = (
			);
			runOnlyForDeploymentPostprocessing = 0;
		};
/* End PBXFrameworksBuildPhase section */

/* Begin PBXGroup section */
		148E3CBC20375F4000BF4FD8 = {
			isa = PBXGroup;
			children = (
				148E3CF72037611A00BF4FD8 /* Assets.xcassets */,
				148E3CC720375F4000BF4FD8 /* MyProject */,
				148E3CDC20375F4000BF4FD8 /* MyProjectTests */,
				148E3CE720375F4000BF4FD8 /* MyProjectUITests */,
				148E3CC620375F4000BF4FD8 /* Products */,
			);
			sourceTree = "<group>";
		};
		148E3CC620375F4000BF4FD8 /* Products */ = {
			isa = PBXGroup;
			children = (
				148E3CC520375F4000BF4FD8 /* MyProject.app */,
				148E3CD920375F4000BF4FD8 /* MyProjectTests.xctest */,
				148E3CE420375F4000BF4FD8 /* MyProjectUITests.xctest */,
			);
			name = Products;
			sourceTree = "<group>";
		};
		148E3CC720375F4000BF4FD8 /* MyProject */ = {
			isa = PBXGroup;
			children = (
				148E3CC820375F4000BF4FD8 /* AppDelegate.swift */,
				148E3CCA20375F4000BF4FD8 /* ViewController.swift */,
				148E3CCC20375F4000BF4FD8 /* Main.storyboard */,
				148E3CD120375F4000BF4FD8 /* LaunchScreen.storyboard */,
				148E3CD420375F4000BF4FD8 /* Info.plist */,
			);
			path = MyProject;
			sourceTree = "<group>";
		};
		148E3CDC20375F4000BF4FD8 /* MyProjectTests */ = {
			isa = PBXGroup;
			children = (
				148E3CDD20375F4000BF4FD8 /* MyProjectTests.swift */,
				148E3CDF20375F4000BF4FD8 /* Info.plist */,
			);
			path = MyProjectTests;
			sourceTree = "<group>";
		};
		148E3CE720375F4000BF4FD8 /* MyProjectUITests */ = {
			isa = PBXGroup;
			children = (
				148E3CE820375F4000BF4FD8 /* MyProjectUITests.swift */,
				148E3CEA20375F4000BF4FD8 /* Info.plist */,
			);
			path = MyProjectUITests;
			sourceTree = "<group>";
		};
/* End PBXGroup section */

/* Begin PBXNativeTarget section */
		148E3CC420375F4000BF4FD8 /* MyProject */ = {
			isa = PBXNativeTarget;
			buildConfigurationList = 148E3CED20375F4000BF4FD8 /* Build configuration list for PBXNativeTarget "MyProject" */;
			buildPhases = (
				148E3CC120375F4000BF4FD8 /* Sources */,
				148E3CC220375F4000BF4FD8 /* Frameworks */,
				148E3CF620375FB300BF4FD8 /* ShellScript */,
				148E3CC320375F4000BF4FD8 /* Resources */,
			);
			buildRules = (
			);
			dependencies = (
			);
			name = MyProject;
			productName = MyProject;
			productReference = 148E3CC520375F4000BF4FD8 /* MyProject.app */;
			productType = "com.apple.product-type.application";
		};
		148E3CD820375F4000BF4FD8 /* MyProjectTests */ = {
			isa = PBXNativeTarget;
			buildConfigurationList = 148E3CF020375F4000BF4FD8 /* Build configuration list for PBXNativeTarget "MyProjectTests" */;
			buildPhases = (
				148E3CD520375F4000BF4FD8 /* Sources */,
				148E3CD620375F4000BF4FD8 /* Frameworks */,
				148E3CD720375F4000BF4FD8 /* Resources */,
			);
			buildRules = (
			);
			dependencies = (
				148E3CDB20375F4000BF4FD8 /* PBXTargetDependency */,
			);
			name = MyProjectTests;
			productName = MyProjectTests;
			productReference = 148E3CD920375F4000BF4FD8 /* MyProjectTests.xctest */;
			productType = "com.apple.product-type.bundle.unit-test";
		};
		148E3CE320375F4000BF4FD8 /* MyProjectUITests */ = {
			isa = PBXNativeTarget;
			buildConfigurationList = 148E3CF320375F4000BF4FD8 /* Build configuration list for PBXNativeTarget "MyProjectUITests" */;
			buildPhases = (
				148E3CE020375F4000BF4FD8 /* Sources */,
				148E3CE120375F4000BF4FD8 /* Frameworks */,
				148E3CE220375F4000BF4FD8 /* Resources */,
			);
			buildRules = (
			);
			dependencies = (
				148E3CE620375F4000BF4FD8 /* PBXTargetDependency */,
			);
			name = MyProjectUITests;
			productName = MyProjectUITests;
			productReference = 148E3CE420375F4000BF4FD8 /* MyProjectUITests.xctest */;
			productType = "com.apple.product-type.bundle.ui-testing";
		};
/* End PBXNativeTarget section */

/* Begin PBXProject section */
		148E3CBD20375F4000BF4FD8 /* Project object */ = {
			isa = PBXProject;
			attributes = {
				LastSwiftUpdateCheck = 0920;
				LastUpgradeCheck = 0920;
				ORGANIZATIONNAME = "Panucci, Julian R";
				TargetAttributes = {
					148E3CC420375F4000BF4FD8 = {
						CreatedOnToolsVersion = 9.2;
						ProvisioningStyle = Automatic;
					};
					148E3CD820375F4000BF4FD8 = {
						CreatedOnToolsVersion = 9.2;
						ProvisioningStyle = Automatic;
						TestTargetID = 148E3CC420375F4000BF4FD8;
					};
					148E3CE320375F4000BF4FD8 = {
						CreatedOnToolsVersion = 9.2;
						ProvisioningStyle = Automatic;
						TestTargetID = 148E3CC420375F4000BF4FD8;
					};
				};
			};
			buildConfigurationList = 148E3CC020375F4000BF4FD8 /* Build configuration list for PBXProject "MyProject" */;
			compatibilityVersion = "Xcode 8.0";
			developmentRegion = en;
			hasScannedForEncodings = 0;
			knownRegions = (
				en,
				Base,
			);
			mainGroup = 148E3CBC20375F4000BF4FD8;
			productRefGroup = 148E3CC620375F4000BF4FD8 /* Products */;
			projectDirPath = "";
			projectRoot = "";
			targets = (
				148E3CC420375F4000BF4FD8 /* MyProject */,
				148E3CD820375F4000BF4FD8 /* MyProjectTests */,
				148E3CE320375F4000BF4FD8 /* MyProjectUITests */,
			);
		};
/* End PBXProject section */

/* Begin PBXResourcesBuildPhase section */
		148E3CC320375F4000BF4FD8 /* Resources */ = {
			isa = PBXResourcesBuildPhase;
			buildActionMask = 2147483647;
			files = (
				148E3CD320375F4000BF4FD8 /* LaunchScreen.storyboard in Resources */,
				148E3CF82037611A00BF4FD8 /* Assets.xcassets in Resources */,
				148E3CCE20375F4000BF4FD8 /* Main.storyboard in Resources */,
			);
			runOnlyForDeploymentPostprocessing = 0;
		};
		148E3CD720375F4000BF4FD8 /* Resources */ = {
			isa = PBXResourcesBuildPhase;
			buildActionMask = 2147483647;
			files = (
			);
			runOnlyForDeploymentPostprocessing = 0;
		};
		148E3CE220375F4000BF4FD8 /* Resources */ = {
			isa = PBXResourcesBuildPhase;
			buildActionMask = 2147483647;
			files = (
			);
			runOnlyForDeploymentPostprocessing = 0;
		};
/* End PBXResourcesBuildPhase section */

/* Begin PBXShellScriptBuildPhase section */
		148E3CF620375FB300BF4FD8 /* ShellScript */ = {
			isa = PBXShellScriptBuildPhase;
			buildActionMask = 2147483647;
			files = (
			);
			inputPaths = (
			);
			outputPaths = (
			);
			runOnlyForDeploymentPostprocessing = 0;
			shellPath = /bin/sh;
			shellScript = "python \"$PROJECT_DIR/slice.py\" \"$PROJECT_DIR/Design.sketch\" \"$PROJECT_DIR/Assets.xcassets\"";
		};
/* End PBXShellScriptBuildPhase section */

/* Begin PBXSourcesBuildPhase section */
		148E3CC120375F4000BF4FD8 /* Sources */ = {
			isa = PBXSourcesBuildPhase;
			buildActionMask = 2147483647;
			files = (
				148E3CCB20375F4000BF4FD8 /* ViewController.swift in Sources */,
				148E3CC920375F4000BF4FD8 /* AppDelegate.swift in Sources */,
			);
			runOnlyForDeploymentPostprocessing = 0;
		};
		148E3CD520375F4000BF4FD8 /* Sources */ = {
			isa = PBXSourcesBuildPhase;
			buildActionMask = 2147483647;
			files = (
				148E3CDE20375F4000BF4FD8 /* MyProjectTests.swift in Sources */,
			);
			runOnlyForDeploymentPostprocessing = 0;
		};
		148E3CE020375F4000BF4FD8 /* Sources */ = {
			isa = PBXSourcesBuildPhase;
			buildActionMask = 2147483647;
			files = (
				148E3CE920375F4000BF4FD8 /* MyProjectUITests.swift in Sources */,
			);
			runOnlyForDeploymentPostprocessing = 0;
		};
/* End PBXSourcesBuildPhase section */

/* Begin PBXTargetDependency section */
		148E3CDB20375F4000BF4FD8 /* PBXTargetDependency */ = {
			isa = PBXTargetDependency;
			target = 148E3CC420375F4000BF4FD8 /* MyProject */;
			targetProxy = 148E3CDA20375F4000BF4FD8 /* PBXContainerItemProxy */;
		};
		148E3CE620375F4000BF4FD8 /* PBXTargetDependency */ = {
			isa = PBXTargetDependency;
			target = 148E3CC420375F4000BF4FD8 /* MyProject */;
			targetProxy = 148E3CE520375F4000BF4FD8 /* PBXContainerItemProxy */;
		};
/* End PBXTargetDependency section */

/* Begin PBXVariantGroup section */
		148E3CCC20375F4000BF4FD8 /* Main.storyboard */ = {
			isa = PBXVariantGroup;
			children = (
				148E3CCD20375F4000BF4FD8 /* Base */,
			);
			name = Main.storyboard;
			sourceTree = "<group>";
		};
		148E3CD120375F4000BF4FD8 /* LaunchScreen.storyboard */ = {
			isa = PBXVariantGroup;
			children = (
				148E3CD220375F4000BF4FD8 /* Base */,
			);
			name = LaunchScreen.storyboard;
			sourceTree = "<group>";
		};
/* End PBXVariantGroup section */

/* Begin XCBuildConfiguration section */
		148E3CEB20375F4000BF4FD8 /* Debug */ = {
			isa = XCBuildConfiguration;
			buildSettings = {
				ALWAYS_SEARCH_USER_PATHS = NO;
				CLANG_ANALYZER_NONNULL = YES;
				CLANG_ANALYZER_NUMBER_OBJECT_CONVERSION = YES_AGGRESSIVE;
				CLANG_CXX_LANGUAGE_STANDARD = "gnu++14";
				CLANG_CXX_LIBRARY = "libc++";
				CLANG_ENABLE_MODULES = YES;
				CLANG_ENABLE_OBJC_ARC = YES;
				CLANG_WARN_BLOCK_CAPTURE_AUTORELEASING = YES;
				CLANG_WARN_BOOL_CONVERSION = YES;
				CLANG_WARN_COMMA = YES;
				CLANG_WARN_CONSTANT_CONVERSION = YES;
				CLANG_WARN_DIRECT_OBJC_ISA_USAGE = YES_ERROR;
				CLANG_WARN_DOCUMENTATION_COMMENTS = YES;
				CLANG_WARN_EMPTY_BODY = YES;
				CLANG_WARN_ENUM_CONVERSION = YES;
				CLANG_WARN_INFINITE_RECURSION = YES;
				CLANG_WARN_INT_CONVERSION = YES;
				CLANG_WARN_NON_LITERAL_NULL_CONVERSION = YES;
				CLANG_WARN_OBJC_LITERAL_CONVERSION = YES;
				CLANG_WARN_OBJC_ROOT_CLASS = YES_ERROR;
				CLANG_WARN_RANGE_LOOP_ANALYSIS = YES;
				CLANG_WARN_STRICT_PROTOTYPES = YES;
				CLANG_WARN_SUSPICIOUS_MOVE = YES;
				CLANG_WARN_UNGUARDED_AVAILABILITY = YES_AGGRESSIVE;
				CLANG_WARN_UNREACHABLE_CODE = YES;
				CLANG_WARN__DUPLICATE_METHOD_MATCH = YES;
				CODE_SIGN_IDENTITY = "iPhone Developer";
				COPY_PHASE_STRIP = NO;
				DEBUG_INFORMATION_FORMAT = dwarf;
				ENABLE_STRICT_OBJC_MSGSEND = YES;
				ENABLE_TESTABILITY = YES;
				GCC_C_LANGUAGE_STANDARD = gnu11;
				GCC_DYNAMIC_NO_PIC = NO;
				GCC_NO_COMMON_BLOCKS = YES;
				GCC_OPTIMIZATION_LEVEL = 0;
				GCC_PREPROCESSOR_DEFINITIONS = (
					"DEBUG=1",
					"$(inherited)",
				);
				GCC_WARN_64_TO_32_BIT_CONVERSION = YES;
				GCC_WARN_ABOUT_RETURN_TYPE = YES_ERROR;
				GCC_WARN_UNDECLARED_SELECTOR = YES;
				GCC_WARN_UNINITIALIZED_AUTOS = YES_AGGRESSIVE;
				GCC_WARN_UNUSED_FUNCTION = YES;
				GCC_WARN_UNUSED_VARIABLE = YES;
				IPHONEOS_DEPLOYMENT_TARGET = 11.2;
				MTL_ENABLE_DEBUG_INFO = YES;
				ONLY_ACTIVE_ARCH = YES;
				SDKROOT = iphoneos;
				SWIFT_ACTIVE_COMPILATION_CONDITIONS = DEBUG;
				SWIFT_OPTIMIZATION_LEVEL = "-Onone";
			};
			name = Debug;
		};
		148E3CEC20375F4000BF4FD8 /* Release */ = {
			isa = XCBuildConfiguration;
			buildSettings = {
				ALWAYS_SEARCH_USER_PATHS = NO;
				CLANG_ANALYZER_NONNULL = YES;
				CLANG_ANALYZER_NUMBER_OBJECT_CONVERSION = YES_AGGRESSIVE;
				CLANG_CXX_LANGUAGE_STANDARD = "gnu++14";
				CLANG_CXX_LIBRARY = "libc++";
				CLANG_ENABLE_MODULES = YES;
				CLANG_ENABLE_OBJC_ARC = YES;
				CLANG_WARN_BLOCK_CAPTURE_AUTORELEASING = YES;
				CLANG_WARN_BOOL_CONVERSION = YES;
				CLANG_WARN_COMMA = YES;
				CLANG_WARN_CONSTANT_CONVERSION = YES;
				CLANG_WARN_DIRECT_OBJC_ISA_USAGE = YES_ERROR;
				CLANG_WARN_DOCUMENTATION_COMMENTS = YES;
				CLANG_WARN_EMPTY_BODY = YES;
				CLANG_WARN_ENUM_CONVERSION = YES;
				CLANG_WARN_INFINITE_RECURSION = YES;
				CLANG_WARN_INT_CONVERSION = YES;
				CLANG_WARN_NON_LITERAL_NULL_CONVERSION = YES;
				CLANG_WARN_OBJC_LITERAL_CONVERSION = YES;
				CLANG_WARN_OBJC_ROOT_CLASS = YES_ERROR;
				CLANG_WARN_RANGE_LOOP_ANALYSIS = YES;
				CLANG_WARN_STRICT_PROTOTYPES = YES;
				CLANG_WARN_SUSPICIOUS_MOVE = YES;
				CLANG_WARN_UNGUARDED_AVAILABILITY = YES_AGGRESSIVE;
				CLANG_WARN_UNREACHABLE_CODE = YES;
				CLANG_WARN__DUPLICATE_METHOD_MATCH = YES;
				CODE_SIGN_IDENTITY = "iPhone Developer";
				COPY_PHASE_STRIP = NO;
				DEBUG_INFORMATION_FORMAT = "dwarf-with-dsym";
				ENABLE_NS_ASSERTIONS = NO;
				ENABLE_STRICT_OBJC_MSGSEND = YES;
				GCC_C_LANGUAGE_STANDARD = gnu11;
				GCC_NO_COMMON_BLOCKS = YES;
				GCC_WARN_64_TO_32_BIT_CONVERSION = YES;
				GCC_WARN_ABOUT_RETURN_TYPE = YES_ERROR;
				GCC_WARN_UNDECLARED_SELECTOR = YES;
				GCC_WARN_UNINITIALIZED_AUTOS = YES_AGGRESSIVE;
				GCC_WARN_UNUSED_FUNCTION = YES;
				GCC_WARN_UNUSED_VARIABLE = YES;
				IPHONEOS_DEPLOYMENT_TARGET = 11.2;
				MTL_ENABLE_DEBUG_INFO = NO;
				SDKROOT = iphoneos;
				SWIFT_OPTIMIZATION_LEVEL = "-Owholemodule";
				VALIDATE_PRODUCT = YES;
			};
			name = Release;
		};
		148E3CEE20375F4000BF4FD8 /* Debug */ = {
			isa = XCBuildConfiguration;
			buildSettings = {
				ASSETCATALOG_COMPILER_APPICON_NAME = AppIcon;
				CODE_SIGN_STYLE = Automatic;
				DEVELOPMENT_TEAM = DGYJ3R2C9F;
				INFOPLIST_FILE = MyProject/Info.plist;
				LD_RUNPATH_SEARCH_PATHS = "$(inherited) @executable_path/Frameworks";
				PRODUCT_BUNDLE_IDENTIFIER = Julian.MyProject;
				PRODUCT_NAME = "$(TARGET_NAME)";
				SWIFT_VERSION = 4.0;
				TARGETED_DEVICE_FAMILY = "1,2";
				VERSIONING_SYSTEM = "apple-generic";
			};
			name = Debug;
		};
		148E3CEF20375F4000BF4FD8 /* Release */ = {
			isa = XCBuildConfiguration;
			buildSettings = {
				ASSETCATALOG_COMPILER_APPICON_NAME = AppIcon;
				CODE_SIGN_STYLE = Automatic;
				DEVELOPMENT_TEAM = DGYJ3R2C9F;
				INFOPLIST_FILE = MyProject/Info.plist;
				LD_RUNPATH_SEARCH_PATHS = "$(inherited) @executable_path/Frameworks";
				PRODUCT_BUNDLE_IDENTIFIER = Julian.MyProject;
				PRODUCT_NAME = "$(TARGET_NAME)";
				SWIFT_VERSION = 4.0;
				TARGETED_DEVICE_FAMILY = "1,2";
				VERSIONING_SYSTEM = "apple-generic";
			};
			name = Release;
		};
		148E3CF120375F4000BF4FD8 /* Debug */ = {
			isa = XCBuildConfiguration;
			buildSettings = {
				ALWAYS_EMBED_SWIFT_STANDARD_LIBRARIES = YES;
				BUNDLE_LOADER = "$(TEST_HOST)";
				CODE_SIGN_STYLE = Automatic;
				DEVELOPMENT_TEAM = DGYJ3R2C9F;
				INFOPLIST_FILE = MyProjectTests/Info.plist;
				LD_RUNPATH_SEARCH_PATHS = "$(inherited) @executable_path/Frameworks @loader_path/Frameworks";
				PRODUCT_BUNDLE_IDENTIFIER = Julian.MyProjectTests;
				PRODUCT_NAME = "$(TARGET_NAME)";
				SWIFT_VERSION = 4.0;
				TARGETED_DEVICE_FAMILY = "1,2";
				TEST_HOST = "$(BUILT_PRODUCTS_DIR)/MyProject.app/MyProject";
			};
			name = Debug;
		};
		148E3CF220375F4000BF4FD8 /* Release */ = {
			isa = XCBuildConfiguration;
			buildSettings = {
				ALWAYS_EMBED_SWIFT_STANDARD_LIBRARIES = YES;
				BUNDLE_LOADER = "$(TEST_HOST)";
				CODE_SIGN_STYLE = Automatic;
				DEVELOPMENT_TEAM = DGYJ3R2C9F;
				INFOPLIST_FILE = MyProjectTests/Info.plist;
				LD_RUNPATH_SEARCH_PATHS = "$(inherited) @executable_path/Frameworks @loader_path/Frameworks";
				PRODUCT_BUNDLE_IDENTIFIER = Julian.MyProjectTests;
				PRODUCT_NAME = "$(TARGET_NAME)";
				SWIFT_VERSION = 4.0;
				TARGETED_DEVICE_FAMILY = "1,2";
				TEST_HOST = "$(BUILT_PRODUCTS_DIR)/MyProject.app/MyProject";
			};
			name = Release;
		};
		148E3CF420375F4000BF4FD8 /* Debug */ = {
			isa = XCBuildConfiguration;
			buildSettings = {
				ALWAYS_EMBED_SWIFT_STANDARD_LIBRARIES = YES;
				CODE_SIGN_STYLE = Automatic;
				DEVELOPMENT_TEAM = DGYJ3R2C9F;
				INFOPLIST_FILE = MyProjectUITests/Info.plist;
				LD_RUNPATH_SEARCH_PATHS = "$(inherited) @executable_path/Frameworks @loader_path/Frameworks";
				PRODUCT_BUNDLE_IDENTIFIER = Julian.MyProjectUITests;
				PRODUCT_NAME = "$(TARGET_NAME)";
				SWIFT_VERSION = 4.0;
				TARGETED_DEVICE_FAMILY = "1,2";
				TEST_TARGET_NAME = MyProject;
			};
			name = Debug;
		};
		148E3CF520375F4000BF4FD8 /* Release */ = {
			isa = XCBuildConfiguration;
			buildSettings = {
				ALWAYS_EMBED_SWIFT_STANDARD_LIBRARIES = YES;
				CODE_SIGN_STYLE = Automatic;
				DEVELOPMENT_TEAM = DGYJ3R2C9F;
				INFOPLIST_FILE = MyProjectUITests/Info.plist;
				LD_RUNPATH_SEARCH_PATHS = "$(inherited) @executable_path/Frameworks @loader_path/Frameworks";
				PRODUCT_BUNDLE_IDENTIFIER = Julian.MyProjectUITests;
				PRODUCT_NAME = "$(TARGET_NAME)";
				SWIFT_VERSION = 4.0;
				TARGETED_DEVICE_FAMILY = "1,2";
				TEST_TARGET_NAME = MyProject;
			};
			name = Release;
		};
/* End XCBuildConfiguration section */

/* Begin XCConfigurationList section */
		148E3CC020375F4000BF4FD8 /* Build configuration list for PBXProject "MyProject" */ = {
			isa = XCConfigurationList;
			buildConfigurations = (
				148E3CEB20375F4000BF4FD8 /* Debug */,
				148E3CEC20375F4000BF4FD8 /* Release */,
			);
			defaultConfigurationIsVisible = 0;
			defaultConfigurationName = Release;
		};
		148E3CED20375F4000BF4FD8 /* Build configuration list for PBXNativeTarget "MyProject" */ = {
			isa = XCConfigurationList;
			buildConfigurations = (
				148E3CEE20375F4000BF4FD8 /* Debug */,
				148E3CEF20375F4000BF4FD8 /* Release */,
			);
			defaultConfigurationIsVisible = 0;
			defaultConfigurationName = Release;
		};
		148E3CF020375F4000BF4FD8 /* Build configuration list for PBXNativeTarget "MyProjectTests" */ = {
			isa = XCConfigurationList;
			buildConfigurations = (
				148E3CF120375F4000BF4FD8 /* Debug */,
				148E3CF220375F4000BF4FD8 /* Release */,
			);
			defaultConfigurationIsVisible = 0;
			defaultConfigurationName = Release;
		};
		148E3CF320375F4000BF4FD8 /* Build configuration list for PBXNativeTarget "MyProjectUITests" */ = {
			isa = XCConfigurationList;
			buildConfigurations = (
				148E3CF420375F4000BF4FD8 /* Debug */,
				148E3CF520375F4000BF4FD8 /* Release */,
			);
			defaultConfigurationIsVisible = 0;
			defaultConfigurationName = Release;
		};
/* End XCConfigurationList section */
	};
	rootObject = 148E3CBD20375F4000BF4FD8 /* Project object */;
}
